
Microsoft Visual Studio Solution File, Format Version 12.00
# Visual Studio Version 17
VisualStudioVersion = 17.5.33414.496
MinimumVisualStudioVersion = 15.0.26124.0
Project("{2150E333-8FDC-42A3-9474-1A3956D46DE8}") = "src", "src", "{10B83B43-B851-4B70-B2C3-1CF4E507235E}"
EndProject
Project("{9A19103F-16F7-4668-BE54-9A1E7A4F7556}") = "Insurance.Api", "src\Insurance.Api\Insurance.Api.csproj", "{0633C3FD-55EE-438F-9897-37915CF88F76}"
EndProject
Project("{9A19103F-16F7-4668-BE54-9A1E7A4F7556}") = "Insurance.Domain.Test", "tests\Insurance.Tests\Insurance.Domain.Test.csproj", "{91B42B0F-9D5A-4E40-9803-CE3C455A1437}"
EndProject
Project("{2150E333-8FDC-42A3-9474-1A3956D46DE8}") = "tests", "tests", "{688513B6-F847-4834-8770-21037905B973}"
EndProject
Project("{2150E333-8FDC-42A3-9474-1A3956D46DE8}") = "Solution Items", "Solution Items", "{14F2FE96-FC10-4093-9B0D-80CB4B35196A}"
	ProjectSection(SolutionItems) = preProject
		.editorconfig = .editorconfig
	EndProjectSection
EndProject
Project("{9A19103F-16F7-4668-BE54-9A1E7A4F7556}") = "Insurance.Domain", "Insurance.Domain\Insurance.Domain.csproj", "{61E7020C-ED51-4281-BBE6-EA535786EF42}"
EndProject
Project("{9A19103F-16F7-4668-BE54-9A1E7A4F7556}") = "Insurance.Infrastructure", "Insurance.Infrastructure\Insurance.Infrastructure.csproj", "{D31CADA6-1B47-4156-9593-CD70BD054910}"
EndProject
Project("{9A19103F-16F7-4668-BE54-9A1E7A4F7556}") = "Insurance.Infrastructure.Test", "Insurance.Infrastrructure.Test\Insurance.Infrastructure.Test.csproj", "{D873A2EE-4239-415D-91BA-74EBD5025972}"
EndProject
Project("{9A19103F-16F7-4668-BE54-9A1E7A4F7556}") = "Insurance.API.Test", "Insurancce.API.Test\Insurance.API.Test.csproj", "{C9FB5A68-C751-49F0-B535-2A508E594613}"
EndProject
Global
	GlobalSection(SolutionConfigurationPlatforms) = preSolution
		Debug|Any CPU = Debug|Any CPU
		Debug|x64 = Debug|x64
		Debug|x86 = Debug|x86
		Release|Any CPU = Release|Any CPU
		Release|x64 = Release|x64
		Release|x86 = Release|x86
	EndGlobalSection
	GlobalSection(ProjectConfigurationPlatforms) = postSolution
		{0633C3FD-55EE-438F-9897-37915CF88F76}.Debug|Any CPU.ActiveCfg = Debug|Any CPU
		{0633C3FD-55EE-438F-9897-37915CF88F76}.Debug|Any CPU.Build.0 = Debug|Any CPU
		{0633C3FD-55EE-438F-9897-37915CF88F76}.Debug|x64.ActiveCfg = Debug|Any CPU
		{0633C3FD-55EE-438F-9897-37915CF88F76}.Debug|x64.Build.0 = Debug|Any CPU
		{0633C3FD-55EE-438F-9897-37915CF88F76}.Debug|x86.ActiveCfg = Debug|Any CPU
		{0633C3FD-55EE-438F-9897-37915CF88F76}.Debug|x86.Build.0 = Debug|Any CPU
		{0633C3FD-55EE-438F-9897-37915CF88F76}.Release|Any CPU.ActiveCfg = Release|Any CPU
		{0633C3FD-55EE-438F-9897-37915CF88F76}.Release|Any CPU.Build.0 = Release|Any CPU
		{0633C3FD-55EE-438F-9897-37915CF88F76}.Release|x64.ActiveCfg = Release|Any CPU
		{0633C3FD-55EE-438F-9897-37915CF88F76}.Release|x64.Build.0 = Release|Any CPU
		{0633C3FD-55EE-438F-9897-37915CF88F76}.Release|x86.ActiveCfg = Release|Any CPU
		{0633C3FD-55EE-438F-9897-37915CF88F76}.Release|x86.Build.0 = Release|Any CPU
		{91B42B0F-9D5A-4E40-9803-CE3C455A1437}.Debug|Any CPU.ActiveCfg = Debug|Any CPU
		{91B42B0F-9D5A-4E40-9803-CE3C455A1437}.Debug|Any CPU.Build.0 = Debug|Any CPU
		{91B42B0F-9D5A-4E40-9803-CE3C455A1437}.Debug|x64.ActiveCfg = Debug|Any CPU
		{91B42B0F-9D5A-4E40-9803-CE3C455A1437}.Debug|x64.Build.0 = Debug|Any CPU
		{91B42B0F-9D5A-4E40-9803-CE3C455A1437}.Debug|x86.ActiveCfg = Debug|Any CPU
		{91B42B0F-9D5A-4E40-9803-CE3C455A1437}.Debug|x86.Build.0 = Debug|Any CPU
		{91B42B0F-9D5A-4E40-9803-CE3C455A1437}.Release|Any CPU.ActiveCfg = Release|Any CPU
		{91B42B0F-9D5A-4E40-9803-CE3C455A1437}.Release|Any CPU.Build.0 = Release|Any CPU
		{91B42B0F-9D5A-4E40-9803-CE3C455A1437}.Release|x64.ActiveCfg = Release|Any CPU
		{91B42B0F-9D5A-4E40-9803-CE3C455A1437}.Release|x64.Build.0 = Release|Any CPU
		{91B42B0F-9D5A-4E40-9803-CE3C455A1437}.Release|x86.ActiveCfg = Release|Any CPU
		{91B42B0F-9D5A-4E40-9803-CE3C455A1437}.Release|x86.Build.0 = Release|Any CPU
		{61E7020C-ED51-4281-BBE6-EA535786EF42}.Debug|Any CPU.ActiveCfg = Debug|Any CPU
		{61E7020C-ED51-4281-BBE6-EA535786EF42}.Debug|Any CPU.Build.0 = Debug|Any CPU
		{61E7020C-ED51-4281-BBE6-EA535786EF42}.Debug|x64.ActiveCfg = Debug|Any CPU
		{61E7020C-ED51-4281-BBE6-EA535786EF42}.Debug|x64.Build.0 = Debug|Any CPU
		{61E7020C-ED51-4281-BBE6-EA535786EF42}.Debug|x86.ActiveCfg = Debug|Any CPU
		{61E7020C-ED51-4281-BBE6-EA535786EF42}.Debug|x86.Build.0 = Debug|Any CPU
		{61E7020C-ED51-4281-BBE6-EA535786EF42}.Release|Any CPU.ActiveCfg = Release|Any CPU
		{61E7020C-ED51-4281-BBE6-EA535786EF42}.Release|Any CPU.Build.0 = Release|Any CPU
		{61E7020C-ED51-4281-BBE6-EA535786EF42}.Release|x64.ActiveCfg = Release|Any CPU
		{61E7020C-ED51-4281-BBE6-EA535786EF42}.Release|x64.Build.0 = Release|Any CPU
		{61E7020C-ED51-4281-BBE6-EA535786EF42}.Release|x86.ActiveCfg = Release|Any CPU
		{61E7020C-ED51-4281-BBE6-EA535786EF42}.Release|x86.Build.0 = Release|Any CPU
		{D31CADA6-1B47-4156-9593-CD70BD054910}.Debug|Any CPU.ActiveCfg = Debug|Any CPU
		{D31CADA6-1B47-4156-9593-CD70BD054910}.Debug|Any CPU.Build.0 = Debug|Any CPU
		{D31CADA6-1B47-4156-9593-CD70BD054910}.Debug|x64.ActiveCfg = Debug|Any CPU
		{D31CADA6-1B47-4156-9593-CD70BD054910}.Debug|x64.Build.0 = Debug|Any CPU
		{D31CADA6-1B47-4156-9593-CD70BD054910}.Debug|x86.ActiveCfg = Debug|Any CPU
		{D31CADA6-1B47-4156-9593-CD70BD054910}.Debug|x86.Build.0 = Debug|Any CPU
		{D31CADA6-1B47-4156-9593-CD70BD054910}.Release|Any CPU.ActiveCfg = Release|Any CPU
		{D31CADA6-1B47-4156-9593-CD70BD054910}.Release|Any CPU.Build.0 = Release|Any CPU
		{D31CADA6-1B47-4156-9593-CD70BD054910}.Release|x64.ActiveCfg = Release|Any CPU
		{D31CADA6-1B47-4156-9593-CD70BD054910}.Release|x64.Build.0 = Release|Any CPU
		{D31CADA6-1B47-4156-9593-CD70BD054910}.Release|x86.ActiveCfg = Release|Any CPU
		{D31CADA6-1B47-4156-9593-CD70BD054910}.Release|x86.Build.0 = Release|Any CPU
		{D873A2EE-4239-415D-91BA-74EBD5025972}.Debug|Any CPU.ActiveCfg = Debug|Any CPU
		{D873A2EE-4239-415D-91BA-74EBD5025972}.Debug|Any CPU.Build.0 = Debug|Any CPU
		{D873A2EE-4239-415D-91BA-74EBD5025972}.Debug|x64.ActiveCfg = Debug|Any CPU
		{D873A2EE-4239-415D-91BA-74EBD5025972}.Debug|x64.Build.0 = Debug|Any CPU
		{D873A2EE-4239-415D-91BA-74EBD5025972}.Debug|x86.ActiveCfg = Debug|Any CPU
		{D873A2EE-4239-415D-91BA-74EBD5025972}.Debug|x86.Build.0 = Debug|Any CPU
		{D873A2EE-4239-415D-91BA-74EBD5025972}.Release|Any CPU.ActiveCfg = Release|Any CPU
		{D873A2EE-4239-415D-91BA-74EBD5025972}.Release|Any CPU.Build.0 = Release|Any CPU
		{D873A2EE-4239-415D-91BA-74EBD5025972}.Release|x64.ActiveCfg = Release|Any CPU
		{D873A2EE-4239-415D-91BA-74EBD5025972}.Release|x64.Build.0 = Release|Any CPU
		{D873A2EE-4239-415D-91BA-74EBD5025972}.Release|x86.ActiveCfg = Release|Any CPU
		{D873A2EE-4239-415D-91BA-74EBD5025972}.Release|x86.Build.0 = Release|Any CPU
		{C9FB5A68-C751-49F0-B535-2A508E594613}.Debug|Any CPU.ActiveCfg = Debug|Any CPU
		{C9FB5A68-C751-49F0-B535-2A508E594613}.Debug|Any CPU.Build.0 = Debug|Any CPU
		{C9FB5A68-C751-49F0-B535-2A508E594613}.Debug|x64.ActiveCfg = Debug|Any CPU
		{C9FB5A68-C751-49F0-B535-2A508E594613}.Debug|x64.Build.0 = Debug|Any CPU
		{C9FB5A68-C751-49F0-B535-2A508E594613}.Debug|x86.ActiveCfg = Debug|Any CPU
		{C9FB5A68-C751-49F0-B535-2A508E594613}.Debug|x86.Build.0 = Debug|Any CPU
		{C9FB5A68-C751-49F0-B535-2A508E594613}.Release|Any CPU.ActiveCfg = Release|Any CPU
		{C9FB5A68-C751-49F0-B535-2A508E594613}.Release|Any CPU.Build.0 = Release|Any CPU
		{C9FB5A68-C751-49F0-B535-2A508E594613}.Release|x64.ActiveCfg = Release|Any CPU
		{C9FB5A68-C751-49F0-B535-2A508E594613}.Release|x64.Build.0 = Release|Any CPU
		{C9FB5A68-C751-49F0-B535-2A508E594613}.Release|x86.ActiveCfg = Release|Any CPU
		{C9FB5A68-C751-49F0-B535-2A508E594613}.Release|x86.Build.0 = Release|Any CPU
	EndGlobalSection
	GlobalSection(SolutionProperties) = preSolution
		HideSolutionNode = FALSE
	EndGlobalSection
	GlobalSection(NestedProjects) = preSolution
		{0633C3FD-55EE-438F-9897-37915CF88F76} = {10B83B43-B851-4B70-B2C3-1CF4E507235E}
		{91B42B0F-9D5A-4E40-9803-CE3C455A1437} = {688513B6-F847-4834-8770-21037905B973}
		{61E7020C-ED51-4281-BBE6-EA535786EF42} = {10B83B43-B851-4B70-B2C3-1CF4E507235E}
		{D31CADA6-1B47-4156-9593-CD70BD054910} = {10B83B43-B851-4B70-B2C3-1CF4E507235E}
		{D873A2EE-4239-415D-91BA-74EBD5025972} = {688513B6-F847-4834-8770-21037905B973}
		{C9FB5A68-C751-49F0-B535-2A508E594613} = {688513B6-F847-4834-8770-21037905B973}
	EndGlobalSection
	GlobalSection(ExtensibilityGlobals) = postSolution
		SolutionGuid = {A20E35B6-46ED-4749-AE8E-31D31ACD7950}
	EndGlobalSection
EndGlobal
